# Generated by pub
# See https://dart.dev/tools/pub/glossary#lockfile
packages:
  characters:
    dependency: transitive
    description:
      name: characters
      sha256: faf38497bda5ead2a8c7615f4f7939df04333478bf32e4173fcb06d428b5716b
      url: "https://pub.dev"
    source: hosted
    version: "1.4.1"
  collection:
    dependency: transitive
    description:
      name: collection
      sha256: "2f5709ae4d3d59dd8f7cd309b4e023046b57d8a6c82130785d2b0e5868084e76"
      url: "https://pub.dev"
    source: hosted
    version: "1.19.1"
  crypto:
    dependency: transitive
    description:
      name: crypto
      sha256: c8ea0233063ba03258fbcf2ca4d6dadfefe14f02fab57702265467a19f27fadf
      url: "https://pub.dev"
    source: hosted
    version: "3.0.7"
  fixnum:
    dependency: transitive
    description:
      name: fixnum
      sha256: b6dc7065e46c974bc7c5f143080a6764ec7a4be6da1285ececdc37be96de53be
      url: "https://pub.dev"
    source: hosted
    version: "1.1.1"
  flutter:
    dependency: transitive
    description: flutter
    source: sdk
    version: "0.0.0"
  material_color_utilities:
    dependency: transitive
    description:
      name: material_color_utilities
      sha256: "9c337007e82b1889149c82ed242ed1cb24a66044e30979c44912381e9be4c48b"
      url: "https://pub.dev"
    source: hosted
    version: "0.13.0"
  meta:
    dependency: transitive
    description:
      name: meta
      sha256: "23f08335362185a5ea2ad3a4e597f1375e78bce8a040df5c600c8d3552ef2394"
      url: "https://pub.dev"
    source: hosted
    version: "1.17.0"
  nested:
    dependency: transitive
    description:
      name: nested
      sha256: "03bac4c528c64c95c722ec99280375a6f2fc708eec17c7b3f07253b626cd2a20"
      url: "https://pub.dev"
    source: hosted
    version: "1.0.0"
  nsd:
    dependency: transitive
    description:
      name: nsd
      sha256: "2551fec29f6032459815a577f385f89e18099a3ca1c545b5dfb1e1a64b5705ec"
      url: "https://pub.dev"
    source: hosted
    version: "5.0.1"
  nsd_android:
    dependency: transitive
    description:
      name: nsd_android
      sha256: "96d2d451c5db0319c37b1b2a38f2d55eb56ae54c0b0d3144c03c19c97436de4a"
      url: "https://pub.dev"
    source: hosted
    version: "2.2.0"
  nsd_ios:
    dependency: transitive
    description:
      name: nsd_ios
      sha256: "57a4b8b218860346eba7e2d629c6fce1fa89a97645350130a15c45babb4b1324"
      url: "https://pub.dev"
    source: hosted
    version: "3.0.1"
  nsd_macos:
    dependency: transitive
    description:
      name: nsd_macos
      sha256: cca373ee5f28ea22140d595b5cd06e83ebc2d6e4ee3e17d7fa1fd6564e4cb352
      url: "https://pub.dev"
    source: hosted
    version: "3.0.1"
  nsd_platform_interface:
    dependency: transitive
    description:
      name: nsd_platform_interface
      sha256: b1a5ace6f01ea2ce37f373e52c3b7af4fd7c11de2582ddcc89f4fc00615d9dff
      url: "https://pub.dev"
    source: hosted
    version: "2.2.0"
  nsd_windows:
    dependency: transitive
    description:
      name: nsd_windows
      sha256: "68b4a256b0be258dbbad0ae789f2e8838d0935a353dac86b17c14c1a05df4ecd"
      url: "https://pub.dev"
    source: hosted
    version: "3.0.1"
  plugin_platform_interface:
    dependency: transitive
    description:
      name: plugin_platform_interface
      sha256: "4820fbfdb9478b1ebae27888254d445073732dae3d6ea81f0b7e06d5dedc3f02"
      url: "https://pub.dev"
    source: hosted
    version: "2.1.8"
  provider:
    dependency: transitive
    description:
      name: provider
      sha256: "4e82183fa20e5ca25703ead7e05de9e4cceed1fbd1eadc1ac3cb6f565a09f272"
      url: "https://pub.dev"
    source: hosted
    version: "6.1.5+1"
  sky_engine:
    dependency: transitive
    description: flutter
    source: sdk
    version: "0.0.0"
  typed_data:
    dependency: transitive
    description:
      name: typed_data
      sha256: f9049c039ebfeb4cf7a7104a675823cd72dba8297f264b6637062516699fa006
      url: "https://pub.dev"
    source: hosted
    version: "1.4.0"
  uuid:
    dependency: transitive
    description:
      name: uuid
      sha256: "1fef9e8e11e2991bb773070d4656b7bd5d850967a2456cfc83cf47925ba79489"
      url: "https://pub.dev"
    source: hosted
    version: "4.5.3"
  vector_math:
    dependency: transitive
    description:
      name: vector_math
      sha256: d530bd74fea330e6e364cda7a85019c434070188383e1cd8d9777ee586914c5b
      url: "https://pub.dev"
    source: hosted
    version: "2.2.0"
sdks:
  dart: ">=3.11.5 <4.0.0"
  flutter: ">=3.41.0"
