PODS:
  - Flutter (1.0.0)
  - nsd_ios (0.0.1):
    - Flutter

DEPENDENCIES:
  - Flutter (from `Flutter`)
  - nsd_ios (from `.symlinks/plugins/nsd_ios/ios`)

EXTERNAL SOURCES:
  Flutter:
    :path: Flutter
  nsd_ios:
    :path: ".symlinks/plugins/nsd_ios/ios"

SPEC CHECKSUMS:
  Flutter: cabc95a1d2626b1b06e7179b784ebcf0c0cde467
  nsd_ios: d2eedc5904efa30a0e36d42f2501a39fd7fbe73f

PODFILE CHECKSUM: 3c63482e143d1b91d2d2560aee9fb04ecc74ac7e

COCOAPODS: 1.16.2
